
Microsoft Visual Studio Solution File, Format Version 12.00
# Visual Studio 15
VisualStudioVersion = 15.0.26124.0
MinimumVisualStudioVersion = 15.0.26124.0
Project("{FAE04EC0-301F-11D3-BF4B-00C04F79EFBC}") = "calculator", "calculator\calculator.csproj", "{ACB00C40-DF0A-42E7-B9D2-FA878EBE7AA1}"
EndProject
Project("{FAE04EC0-301F-11D3-BF4B-00C04F79EFBC}") = "adder", "adder\adder.csproj", "{CE150665-86F3-4A00-B315-915CF6D7FFB3}"
EndProject
Project("{FAE04EC0-301F-11D3-BF4B-00C04F79EFBC}") = "registrar", "registrar\registrar.csproj", "{5BB01B6B-668F-4596-8575-4E1F511A5F25}"
EndProject
Project("{FAE04EC0-301F-11D3-BF4B-00C04F79EFBC}") = "negator", "negator\negator.csproj", "{B6298756-D5D7-4686-AAC5-E487DC9327D1}"
EndProject
Project("{FAE04EC0-301F-11D3-BF4B-00C04F79EFBC}") = "NEP5", "nep5\NEP5.csproj", "{7B835BBB-3924-4535-839C-AB3DAED2BBA1}"
EndProject
Project("{FAE04EC0-301F-11D3-BF4B-00C04F79EFBC}") = "CNEO", "cneo\CNEO.csproj", "{828A6636-599E-47AE-A29A-547E81B188B3}"
EndProject
Project("{FAE04EC0-301F-11D3-BF4B-00C04F79EFBC}") = "helloWorld", "helloWorld\helloWorld.csproj", "{58F12D7D-0743-45ED-B005-F070A10B715C}"
EndProject
Global
	GlobalSection(SolutionConfigurationPlatforms) = preSolution
		Debug|Any CPU = Debug|Any CPU
		Debug|x64 = Debug|x64
		Debug|x86 = Debug|x86
		Release|Any CPU = Release|Any CPU
		Release|x64 = Release|x64
		Release|x86 = Release|x86
	EndGlobalSection
	GlobalSection(SolutionProperties) = preSolution
		HideSolutionNode = FALSE
	EndGlobalSection
	GlobalSection(ProjectConfigurationPlatforms) = postSolution
		{ACB00C40-DF0A-42E7-B9D2-FA878EBE7AA1}.Debug|Any CPU.ActiveCfg = Debug|Any CPU
		{ACB00C40-DF0A-42E7-B9D2-FA878EBE7AA1}.Debug|Any CPU.Build.0 = Debug|Any CPU
		{ACB00C40-DF0A-42E7-B9D2-FA878EBE7AA1}.Debug|x64.ActiveCfg = Debug|Any CPU
		{ACB00C40-DF0A-42E7-B9D2-FA878EBE7AA1}.Debug|x64.Build.0 = Debug|Any CPU
		{ACB00C40-DF0A-42E7-B9D2-FA878EBE7AA1}.Debug|x86.ActiveCfg = Debug|Any CPU
		{ACB00C40-DF0A-42E7-B9D2-FA878EBE7AA1}.Debug|x86.Build.0 = Debug|Any CPU
		{ACB00C40-DF0A-42E7-B9D2-FA878EBE7AA1}.Release|Any CPU.ActiveCfg = Release|Any CPU
		{ACB00C40-DF0A-42E7-B9D2-FA878EBE7AA1}.Release|Any CPU.Build.0 = Release|Any CPU
		{ACB00C40-DF0A-42E7-B9D2-FA878EBE7AA1}.Release|x64.ActiveCfg = Release|Any CPU
		{ACB00C40-DF0A-42E7-B9D2-FA878EBE7AA1}.Release|x64.Build.0 = Release|Any CPU
		{ACB00C40-DF0A-42E7-B9D2-FA878EBE7AA1}.Release|x86.ActiveCfg = Release|Any CPU
		{ACB00C40-DF0A-42E7-B9D2-FA878EBE7AA1}.Release|x86.Build.0 = Release|Any CPU
		{CE150665-86F3-4A00-B315-915CF6D7FFB3}.Debug|Any CPU.ActiveCfg = Debug|Any CPU
		{CE150665-86F3-4A00-B315-915CF6D7FFB3}.Debug|Any CPU.Build.0 = Debug|Any CPU
		{CE150665-86F3-4A00-B315-915CF6D7FFB3}.Debug|x64.ActiveCfg = Debug|Any CPU
		{CE150665-86F3-4A00-B315-915CF6D7FFB3}.Debug|x64.Build.0 = Debug|Any CPU
		{CE150665-86F3-4A00-B315-915CF6D7FFB3}.Debug|x86.ActiveCfg = Debug|Any CPU
		{CE150665-86F3-4A00-B315-915CF6D7FFB3}.Debug|x86.Build.0 = Debug|Any CPU
		{CE150665-86F3-4A00-B315-915CF6D7FFB3}.Release|Any CPU.ActiveCfg = Release|Any CPU
		{CE150665-86F3-4A00-B315-915CF6D7FFB3}.Release|Any CPU.Build.0 = Release|Any CPU
		{CE150665-86F3-4A00-B315-915CF6D7FFB3}.Release|x64.ActiveCfg = Release|Any CPU
		{CE150665-86F3-4A00-B315-915CF6D7FFB3}.Release|x64.Build.0 = Release|Any CPU
		{CE150665-86F3-4A00-B315-915CF6D7FFB3}.Release|x86.ActiveCfg = Release|Any CPU
		{CE150665-86F3-4A00-B315-915CF6D7FFB3}.Release|x86.Build.0 = Release|Any CPU
		{5BB01B6B-668F-4596-8575-4E1F511A5F25}.Debug|Any CPU.ActiveCfg = Debug|Any CPU
		{5BB01B6B-668F-4596-8575-4E1F511A5F25}.Debug|Any CPU.Build.0 = Debug|Any CPU
		{5BB01B6B-668F-4596-8575-4E1F511A5F25}.Debug|x64.ActiveCfg = Debug|Any CPU
		{5BB01B6B-668F-4596-8575-4E1F511A5F25}.Debug|x64.Build.0 = Debug|Any CPU
		{5BB01B6B-668F-4596-8575-4E1F511A5F25}.Debug|x86.ActiveCfg = Debug|Any CPU
		{5BB01B6B-668F-4596-8575-4E1F511A5F25}.Debug|x86.Build.0 = Debug|Any CPU
		{5BB01B6B-668F-4596-8575-4E1F511A5F25}.Release|Any CPU.ActiveCfg = Release|Any CPU
		{5BB01B6B-668F-4596-8575-4E1F511A5F25}.Release|Any CPU.Build.0 = Release|Any CPU
		{5BB01B6B-668F-4596-8575-4E1F511A5F25}.Release|x64.ActiveCfg = Release|Any CPU
		{5BB01B6B-668F-4596-8575-4E1F511A5F25}.Release|x64.Build.0 = Release|Any CPU
		{5BB01B6B-668F-4596-8575-4E1F511A5F25}.Release|x86.ActiveCfg = Release|Any CPU
		{5BB01B6B-668F-4596-8575-4E1F511A5F25}.Release|x86.Build.0 = Release|Any CPU
		{B6298756-D5D7-4686-AAC5-E487DC9327D1}.Debug|Any CPU.ActiveCfg = Debug|Any CPU
		{B6298756-D5D7-4686-AAC5-E487DC9327D1}.Debug|Any CPU.Build.0 = Debug|Any CPU
		{B6298756-D5D7-4686-AAC5-E487DC9327D1}.Debug|x64.ActiveCfg = Debug|Any CPU
		{B6298756-D5D7-4686-AAC5-E487DC9327D1}.Debug|x64.Build.0 = Debug|Any CPU
		{B6298756-D5D7-4686-AAC5-E487DC9327D1}.Debug|x86.ActiveCfg = Debug|Any CPU
		{B6298756-D5D7-4686-AAC5-E487DC9327D1}.Debug|x86.Build.0 = Debug|Any CPU
		{B6298756-D5D7-4686-AAC5-E487DC9327D1}.Release|Any CPU.ActiveCfg = Release|Any CPU
		{B6298756-D5D7-4686-AAC5-E487DC9327D1}.Release|Any CPU.Build.0 = Release|Any CPU
		{B6298756-D5D7-4686-AAC5-E487DC9327D1}.Release|x64.ActiveCfg = Release|Any CPU
		{B6298756-D5D7-4686-AAC5-E487DC9327D1}.Release|x64.Build.0 = Release|Any CPU
		{B6298756-D5D7-4686-AAC5-E487DC9327D1}.Release|x86.ActiveCfg = Release|Any CPU
		{B6298756-D5D7-4686-AAC5-E487DC9327D1}.Release|x86.Build.0 = Release|Any CPU
		{42C8F667-F998-4A7D-B004-5B0CFAB9F858}.Debug|Any CPU.ActiveCfg = Debug|Any CPU
		{42C8F667-F998-4A7D-B004-5B0CFAB9F858}.Debug|Any CPU.Build.0 = Debug|Any CPU
		{42C8F667-F998-4A7D-B004-5B0CFAB9F858}.Debug|x64.ActiveCfg = Debug|Any CPU
		{42C8F667-F998-4A7D-B004-5B0CFAB9F858}.Debug|x64.Build.0 = Debug|Any CPU
		{42C8F667-F998-4A7D-B004-5B0CFAB9F858}.Debug|x86.ActiveCfg = Debug|Any CPU
		{42C8F667-F998-4A7D-B004-5B0CFAB9F858}.Debug|x86.Build.0 = Debug|Any CPU
		{42C8F667-F998-4A7D-B004-5B0CFAB9F858}.Release|Any CPU.ActiveCfg = Release|Any CPU
		{42C8F667-F998-4A7D-B004-5B0CFAB9F858}.Release|Any CPU.Build.0 = Release|Any CPU
		{42C8F667-F998-4A7D-B004-5B0CFAB9F858}.Release|x64.ActiveCfg = Release|Any CPU
		{42C8F667-F998-4A7D-B004-5B0CFAB9F858}.Release|x64.Build.0 = Release|Any CPU
		{42C8F667-F998-4A7D-B004-5B0CFAB9F858}.Release|x86.ActiveCfg = Release|Any CPU
		{42C8F667-F998-4A7D-B004-5B0CFAB9F858}.Release|x86.Build.0 = Release|Any CPU
		{7B835BBB-3924-4535-839C-AB3DAED2BBA1}.Debug|Any CPU.ActiveCfg = Debug|Any CPU
		{7B835BBB-3924-4535-839C-AB3DAED2BBA1}.Debug|Any CPU.Build.0 = Debug|Any CPU
		{7B835BBB-3924-4535-839C-AB3DAED2BBA1}.Debug|x64.ActiveCfg = Debug|Any CPU
		{7B835BBB-3924-4535-839C-AB3DAED2BBA1}.Debug|x64.Build.0 = Debug|Any CPU
		{7B835BBB-3924-4535-839C-AB3DAED2BBA1}.Debug|x86.ActiveCfg = Debug|Any CPU
		{7B835BBB-3924-4535-839C-AB3DAED2BBA1}.Debug|x86.Build.0 = Debug|Any CPU
		{7B835BBB-3924-4535-839C-AB3DAED2BBA1}.Release|Any CPU.ActiveCfg = Release|Any CPU
		{7B835BBB-3924-4535-839C-AB3DAED2BBA1}.Release|Any CPU.Build.0 = Release|Any CPU
		{7B835BBB-3924-4535-839C-AB3DAED2BBA1}.Release|x64.ActiveCfg = Release|Any CPU
		{7B835BBB-3924-4535-839C-AB3DAED2BBA1}.Release|x64.Build.0 = Release|Any CPU
		{7B835BBB-3924-4535-839C-AB3DAED2BBA1}.Release|x86.ActiveCfg = Release|Any CPU
		{7B835BBB-3924-4535-839C-AB3DAED2BBA1}.Release|x86.Build.0 = Release|Any CPU
		{828A6636-599E-47AE-A29A-547E81B188B3}.Debug|Any CPU.ActiveCfg = Debug|Any CPU
		{828A6636-599E-47AE-A29A-547E81B188B3}.Debug|Any CPU.Build.0 = Debug|Any CPU
		{828A6636-599E-47AE-A29A-547E81B188B3}.Debug|x64.ActiveCfg = Debug|Any CPU
		{828A6636-599E-47AE-A29A-547E81B188B3}.Debug|x64.Build.0 = Debug|Any CPU
		{828A6636-599E-47AE-A29A-547E81B188B3}.Debug|x86.ActiveCfg = Debug|Any CPU
		{828A6636-599E-47AE-A29A-547E81B188B3}.Debug|x86.Build.0 = Debug|Any CPU
		{828A6636-599E-47AE-A29A-547E81B188B3}.Release|Any CPU.ActiveCfg = Release|Any CPU
		{828A6636-599E-47AE-A29A-547E81B188B3}.Release|Any CPU.Build.0 = Release|Any CPU
		{828A6636-599E-47AE-A29A-547E81B188B3}.Release|x64.ActiveCfg = Release|Any CPU
		{828A6636-599E-47AE-A29A-547E81B188B3}.Release|x64.Build.0 = Release|Any CPU
		{828A6636-599E-47AE-A29A-547E81B188B3}.Release|x86.ActiveCfg = Release|Any CPU
		{828A6636-599E-47AE-A29A-547E81B188B3}.Release|x86.Build.0 = Release|Any CPU
		{58F12D7D-0743-45ED-B005-F070A10B715C}.Debug|Any CPU.ActiveCfg = Debug|Any CPU
		{58F12D7D-0743-45ED-B005-F070A10B715C}.Debug|Any CPU.Build.0 = Debug|Any CPU
		{58F12D7D-0743-45ED-B005-F070A10B715C}.Debug|x64.ActiveCfg = Debug|Any CPU
		{58F12D7D-0743-45ED-B005-F070A10B715C}.Debug|x64.Build.0 = Debug|Any CPU
		{58F12D7D-0743-45ED-B005-F070A10B715C}.Debug|x86.ActiveCfg = Debug|Any CPU
		{58F12D7D-0743-45ED-B005-F070A10B715C}.Debug|x86.Build.0 = Debug|Any CPU
		{58F12D7D-0743-45ED-B005-F070A10B715C}.Release|Any CPU.ActiveCfg = Release|Any CPU
		{58F12D7D-0743-45ED-B005-F070A10B715C}.Release|Any CPU.Build.0 = Release|Any CPU
		{58F12D7D-0743-45ED-B005-F070A10B715C}.Release|x64.ActiveCfg = Release|Any CPU
		{58F12D7D-0743-45ED-B005-F070A10B715C}.Release|x64.Build.0 = Release|Any CPU
		{58F12D7D-0743-45ED-B005-F070A10B715C}.Release|x86.ActiveCfg = Release|Any CPU
		{58F12D7D-0743-45ED-B005-F070A10B715C}.Release|x86.Build.0 = Release|Any CPU
	EndGlobalSection
EndGlobal
